
Microsoft Visual Studio Solution File, Format Version 12.00
# Visual Studio Version 16
VisualStudioVersion = 16.0.31205.134
MinimumVisualStudioVersion = 10.0.40219.1
Project("{FAE04EC0-301F-11D3-BF4B-00C04F79EFBC}") = "AttendanceSystem", "AttendanceSystem\AttendanceSystem.csproj", "{91B3087C-7DBF-4043-B96A-0A9D9262F80A}"
EndProject
Global
	GlobalSection(SolutionConfigurationPlatforms) = preSolution
		Debug|Any CPU = Debug|Any CPU
		Release|Any CPU = Release|Any CPU
	EndGlobalSection
	GlobalSection(ProjectConfigurationPlatforms) = postSolution
		{91B3087C-7DBF-4043-B96A-0A9D9262F80A}.Debug|Any CPU.ActiveCfg = Debug|Any CPU
		{91B3087C-7DBF-4043-B96A-0A9D9262F80A}.Debug|Any CPU.Build.0 = Debug|Any CPU
		{91B3087C-7DBF-4043-B96A-0A9D9262F80A}.Release|Any CPU.ActiveCfg = Release|Any CPU
		{91B3087C-7DBF-4043-B96A-0A9D9262F80A}.Release|Any CPU.Build.0 = Release|Any CPU
	EndGlobalSection
	GlobalSection(SolutionProperties) = preSolution
		HideSolutionNode = FALSE
	EndGlobalSection
	GlobalSection(ExtensibilityGlobals) = postSolution
		SolutionGuid = {D5541B2A-796B-497C-84F8-50E6ADEA789A}
	EndGlobalSection
EndGlobal
